// !$*UTF8*$!
{
	archiveVersion = 1;
	classes = {
	};
	objectVersion = 55;
	objects = {

/* Begin PBXBuildFile section */
		04E3C0482867750C00EA33F3 /* TraviNotezApp.swift in Sources */ = {isa = PBXBuildFile; fileRef = 04E3C0472867750C00EA33F3 /* TraviNotezApp.swift */; };
		04E3C04A2867750C00EA33F3 /* ContentView.swift in Sources */ = {isa = PBXBuildFile; fileRef = 04E3C0492867750C00EA33F3 /* ContentView.swift */; };
		04E3C04C2867750E00EA33F3 /* Assets.xcassets in Resources */ = {isa = PBXBuildFile; fileRef = 04E3C04B2867750E00EA33F3 /* Assets.xcassets */; };
		04E3C04F2867750E00EA33F3 /* Preview Assets.xcassets in Resources */ = {isa = PBXBuildFile; fileRef = 04E3C04E2867750E00EA33F3 /* Preview Assets.xcassets */; };
		04E3C0592867750E00EA33F3 /* TraviNotezTests.swift in Sources */ = {isa = PBXBuildFile; fileRef = 04E3C0582867750E00EA33F3 /* TraviNotezTests.swift */; };
		04E3C0632867750E00EA33F3 /* TraviNotezUITests.swift in Sources */ = {isa = PBXBuildFile; fileRef = 04E3C0622867750E00EA33F3 /* TraviNotezUITests.swift */; };
		04E3C0652867750E00EA33F3 /* TraviNotezUITestsLaunchTests.swift in Sources */ = {isa = PBXBuildFile; fileRef = 04E3C0642867750E00EA33F3 /* TraviNotezUITestsLaunchTests.swift */; };
		04E3C07328678B7200EA33F3 /* UserData.swift in Sources */ = {isa = PBXBuildFile; fileRef = 04E3C07228678B7200EA33F3 /* UserData.swift */; };
		04E3C07628678BE100EA33F3 /* Note.swift in Sources */ = {isa = PBXBuildFile; fileRef = 04E3C07528678BE100EA33F3 /* Note.swift */; };
/* End PBXBuildFile section */

/* Begin PBXContainerItemProxy section */
		04E3C0552867750E00EA33F3 /* PBXContainerItemProxy */ = {
			isa = PBXContainerItemProxy;
			containerPortal = 04E3C03C2867750C00EA33F3 /* Project object */;
			proxyType = 1;
			remoteGlobalIDString = 04E3C0432867750C00EA33F3;
			remoteInfo = TraviNotez;
		};
		04E3C05F2867750E00EA33F3 /* PBXContainerItemProxy */ = {
			isa = PBXContainerItemProxy;
			containerPortal = 04E3C03C2867750C00EA33F3 /* Project object */;
			proxyType = 1;
			remoteGlobalIDString = 04E3C0432867750C00EA33F3;
			remoteInfo = TraviNotez;
		};
/* End PBXContainerItemProxy section */

/* Begin PBXFileReference section */
		04E3C0442867750C00EA33F3 /* TraviNotez.app */ = {isa = PBXFileReference; explicitFileType = wrapper.application; includeInIndex = 0; path = TraviNotez.app; sourceTree = BUILT_PRODUCTS_DIR; };
		04E3C0472867750C00EA33F3 /* TraviNotezApp.swift */ = {isa = PBXFileReference; lastKnownFileType = sourcecode.swift; path = TraviNotezApp.swift; sourceTree = "<group>"; };
		04E3C0492867750C00EA33F3 /* ContentView.swift */ = {isa = PBXFileReference; lastKnownFileType = sourcecode.swift; path = ContentView.swift; sourceTree = "<group>"; };
		04E3C04B2867750E00EA33F3 /* Assets.xcassets */ = {isa = PBXFileReference; lastKnownFileType = folder.assetcatalog; path = Assets.xcassets; sourceTree = "<group>"; };
		04E3C04E2867750E00EA33F3 /* Preview Assets.xcassets */ = {isa = PBXFileReference; lastKnownFileType = folder.assetcatalog; path = "Preview Assets.xcassets"; sourceTree = "<group>"; };
		04E3C0542867750E00EA33F3 /* TraviNotezTests.xctest */ = {isa = PBXFileReference; explicitFileType = wrapper.cfbundle; includeInIndex = 0; path = TraviNotezTests.xctest; sourceTree = BUILT_PRODUCTS_DIR; };
		04E3C0582867750E00EA33F3 /* TraviNotezTests.swift */ = {isa = PBXFileReference; lastKnownFileType = sourcecode.swift; path = TraviNotezTests.swift; sourceTree = "<group>"; };
		04E3C05E2867750E00EA33F3 /* TraviNotezUITests.xctest */ = {isa = PBXFileReference; explicitFileType = wrapper.cfbundle; includeInIndex = 0; path = TraviNotezUITests.xctest; sourceTree = BUILT_PRODUCTS_DIR; };
		04E3C0622867750E00EA33F3 /* TraviNotezUITests.swift */ = {isa = PBXFileReference; lastKnownFileType = sourcecode.swift; path = TraviNotezUITests.swift; sourceTree = "<group>"; };
		04E3C0642867750E00EA33F3 /* TraviNotezUITestsLaunchTests.swift */ = {isa = PBXFileReference; lastKnownFileType = sourcecode.swift; path = TraviNotezUITestsLaunchTests.swift; sourceTree = "<group>"; };
		04E3C07228678B7200EA33F3 /* UserData.swift */ = {isa = PBXFileReference; lastKnownFileType = sourcecode.swift; path = UserData.swift; sourceTree = "<group>"; };
		04E3C07528678BE100EA33F3 /* Note.swift */ = {isa = PBXFileReference; lastKnownFileType = sourcecode.swift; path = Note.swift; sourceTree = "<group>"; };
/* End PBXFileReference section */

/* Begin PBXFrameworksBuildPhase section */
		04E3C0412867750C00EA33F3 /* Frameworks */ = {
			isa = PBXFrameworksBuildPhase;
			buildActionMask = 2147483647;
			files = (
			);
			runOnlyForDeploymentPostprocessing = 0;
		};
		04E3C0512867750E00EA33F3 /* Frameworks */ = {
			isa = PBXFrameworksBuildPhase;
			buildActionMask = 2147483647;
			files = (
			);
			runOnlyForDeploymentPostprocessing = 0;
		};
		04E3C05B2867750E00EA33F3 /* Frameworks */ = {
			isa = PBXFrameworksBuildPhase;
			buildActionMask = 2147483647;
			files = (
			);
			runOnlyForDeploymentPostprocessing = 0;
		};
/* End PBXFrameworksBuildPhase section */

/* Begin PBXGroup section */
		04E3C03B2867750C00EA33F3 = {
			isa = PBXGroup;
			children = (
				04E3C0462867750C00EA33F3 /* TraviNotez */,
				04E3C0572867750E00EA33F3 /* TraviNotezTests */,
				04E3C0612867750E00EA33F3 /* TraviNotezUITests */,
				04E3C0452867750C00EA33F3 /* Products */,
			);
			sourceTree = "<group>";
		};
		04E3C0452867750C00EA33F3 /* Products */ = {
			isa = PBXGroup;
			children = (
				04E3C0442867750C00EA33F3 /* TraviNotez.app */,
				04E3C0542867750E00EA33F3 /* TraviNotezTests.xctest */,
				04E3C05E2867750E00EA33F3 /* TraviNotezUITests.xctest */,
			);
			name = Products;
			sourceTree = "<group>";
		};
		04E3C0462867750C00EA33F3 /* TraviNotez */ = {
			isa = PBXGroup;
			children = (
				04E3C07428678BAF00EA33F3 /* Data Layer */,
				04E3C07128678AB400EA33F3 /* Data Storage Layer */,
				04E3C0472867750C00EA33F3 /* TraviNotezApp.swift */,
				04E3C0492867750C00EA33F3 /* ContentView.swift */,
				04E3C04B2867750E00EA33F3 /* Assets.xcassets */,
				04E3C04D2867750E00EA33F3 /* Preview Content */,
			);
			path = TraviNotez;
			sourceTree = "<group>";
		};
		04E3C04D2867750E00EA33F3 /* Preview Content */ = {
			isa = PBXGroup;
			children = (
				04E3C04E2867750E00EA33F3 /* Preview Assets.xcassets */,
			);
			path = "Preview Content";
			sourceTree = "<group>";
		};
		04E3C0572867750E00EA33F3 /* TraviNotezTests */ = {
			isa = PBXGroup;
			children = (
				04E3C0582867750E00EA33F3 /* TraviNotezTests.swift */,
			);
			path = TraviNotezTests;
			sourceTree = "<group>";
		};
		04E3C0612867750E00EA33F3 /* TraviNotezUITests */ = {
			isa = PBXGroup;
			children = (
				04E3C0622867750E00EA33F3 /* TraviNotezUITests.swift */,
				04E3C0642867750E00EA33F3 /* TraviNotezUITestsLaunchTests.swift */,
			);
			path = TraviNotezUITests;
			sourceTree = "<group>";
		};
		04E3C07128678AB400EA33F3 /* Data Storage Layer */ = {
			isa = PBXGroup;
			children = (
				04E3C07228678B7200EA33F3 /* UserData.swift */,
			);
			path = "Data Storage Layer";
			sourceTree = "<group>";
		};
		04E3C07428678BAF00EA33F3 /* Data Layer */ = {
			isa = PBXGroup;
			children = (
				04E3C07528678BE100EA33F3 /* Note.swift */,
			);
			path = "Data Layer";
			sourceTree = "<group>";
		};
/* End PBXGroup section */

/* Begin PBXNativeTarget section */
		04E3C0432867750C00EA33F3 /* TraviNotez */ = {
			isa = PBXNativeTarget;
			buildConfigurationList = 04E3C0682867750E00EA33F3 /* Build configuration list for PBXNativeTarget "TraviNotez" */;
			buildPhases = (
				04E3C0402867750C00EA33F3 /* Sources */,
				04E3C0412867750C00EA33F3 /* Frameworks */,
				04E3C0422867750C00EA33F3 /* Resources */,
			);
			buildRules = (
			);
			dependencies = (
			);
			name = TraviNotez;
			productName = TraviNotez;
			productReference = 04E3C0442867750C00EA33F3 /* TraviNotez.app */;
			productType = "com.apple.product-type.application";
		};
		04E3C0532867750E00EA33F3 /* TraviNotezTests */ = {
			isa = PBXNativeTarget;
			buildConfigurationList = 04E3C06B2867750E00EA33F3 /* Build configuration list for PBXNativeTarget "TraviNotezTests" */;
			buildPhases = (
				04E3C0502867750E00EA33F3 /* Sources */,
				04E3C0512867750E00EA33F3 /* Frameworks */,
				04E3C0522867750E00EA33F3 /* Resources */,
			);
			buildRules = (
			);
			dependencies = (
				04E3C0562867750E00EA33F3 /* PBXTargetDependency */,
			);
			name = TraviNotezTests;
			productName = TraviNotezTests;
			productReference = 04E3C0542867750E00EA33F3 /* TraviNotezTests.xctest */;
			productType = "com.apple.product-type.bundle.unit-test";
		};
		04E3C05D2867750E00EA33F3 /* TraviNotezUITests */ = {
			isa = PBXNativeTarget;
			buildConfigurationList = 04E3C06E2867750E00EA33F3 /* Build configuration list for PBXNativeTarget "TraviNotezUITests" */;
			buildPhases = (
				04E3C05A2867750E00EA33F3 /* Sources */,
				04E3C05B2867750E00EA33F3 /* Frameworks */,
				04E3C05C2867750E00EA33F3 /* Resources */,
			);
			buildRules = (
			);
			dependencies = (
				04E3C0602867750E00EA33F3 /* PBXTargetDependency */,
			);
			name = TraviNotezUITests;
			productName = TraviNotezUITests;
			productReference = 04E3C05E2867750E00EA33F3 /* TraviNotezUITests.xctest */;
			productType = "com.apple.product-type.bundle.ui-testing";
		};
/* End PBXNativeTarget section */

/* Begin PBXProject section */
		04E3C03C2867750C00EA33F3 /* Project object */ = {
			isa = PBXProject;
			attributes = {
				BuildIndependentTargetsInParallel = 1;
				LastSwiftUpdateCheck = 1340;
				LastUpgradeCheck = 1340;
				TargetAttributes = {
					04E3C0432867750C00EA33F3 = {
						CreatedOnToolsVersion = 13.4.1;
					};
					04E3C0532867750E00EA33F3 = {
						CreatedOnToolsVersion = 13.4.1;
						TestTargetID = 04E3C0432867750C00EA33F3;
					};
					04E3C05D2867750E00EA33F3 = {
						CreatedOnToolsVersion = 13.4.1;
						TestTargetID = 04E3C0432867750C00EA33F3;
					};
				};
			};
			buildConfigurationList = 04E3C03F2867750C00EA33F3 /* Build configuration list for PBXProject "TraviNotez" */;
			compatibilityVersion = "Xcode 13.0";
			developmentRegion = en;
			hasScannedForEncodings = 0;
			knownRegions = (
				en,
				Base,
			);
			mainGroup = 04E3C03B2867750C00EA33F3;
			productRefGroup = 04E3C0452867750C00EA33F3 /* Products */;
			projectDirPath = "";
			projectRoot = "";
			targets = (
				04E3C0432867750C00EA33F3 /* TraviNotez */,
				04E3C0532867750E00EA33F3 /* TraviNotezTests */,
				04E3C05D2867750E00EA33F3 /* TraviNotezUITests */,
			);
		};
/* End PBXProject section */

/* Begin PBXResourcesBuildPhase section */
		04E3C0422867750C00EA33F3 /* Resources */ = {
			isa = PBXResourcesBuildPhase;
			buildActionMask = 2147483647;
			files = (
				04E3C04F2867750E00EA33F3 /* Preview Assets.xcassets in Resources */,
				04E3C04C2867750E00EA33F3 /* Assets.xcassets in Resources */,
			);
			runOnlyForDeploymentPostprocessing = 0;
		};
		04E3C0522867750E00EA33F3 /* Resources */ = {
			isa = PBXResourcesBuildPhase;
			buildActionMask = 2147483647;
			files = (
			);
			runOnlyForDeploymentPostprocessing = 0;
		};
		04E3C05C2867750E00EA33F3 /* Resources */ = {
			isa = PBXResourcesBuildPhase;
			buildActionMask = 2147483647;
			files = (
			);
			runOnlyForDeploymentPostprocessing = 0;
		};
/* End PBXResourcesBuildPhase section */

/* Begin PBXSourcesBuildPhase section */
		04E3C0402867750C00EA33F3 /* Sources */ = {
			isa = PBXSourcesBuildPhase;
			buildActionMask = 2147483647;
			files = (
				04E3C07328678B7200EA33F3 /* UserData.swift in Sources */,
				04E3C04A2867750C00EA33F3 /* ContentView.swift in Sources */,
				04E3C0482867750C00EA33F3 /* TraviNotezApp.swift in Sources */,
				04E3C07628678BE100EA33F3 /* Note.swift in Sources */,
			);
			runOnlyForDeploymentPostprocessing = 0;
		};
		04E3C0502867750E00EA33F3 /* Sources */ = {
			isa = PBXSourcesBuildPhase;
			buildActionMask = 2147483647;
			files = (
				04E3C0592867750E00EA33F3 /* TraviNotezTests.swift in Sources */,
			);
			runOnlyForDeploymentPostprocessing = 0;
		};
		04E3C05A2867750E00EA33F3 /* Sources */ = {
			isa = PBXSourcesBuildPhase;
			buildActionMask = 2147483647;
			files = (
				04E3C0652867750E00EA33F3 /* TraviNotezUITestsLaunchTests.swift in Sources */,
				04E3C0632867750E00EA33F3 /* TraviNotezUITests.swift in Sources */,
			);
			runOnlyForDeploymentPostprocessing = 0;
		};
/* End PBXSourcesBuildPhase section */

/* Begin PBXTargetDependency section */
		04E3C0562867750E00EA33F3 /* PBXTargetDependency */ = {
			isa = PBXTargetDependency;
			target = 04E3C0432867750C00EA33F3 /* TraviNotez */;
			targetProxy = 04E3C0552867750E00EA33F3 /* PBXContainerItemProxy */;
		};
		04E3C0602867750E00EA33F3 /* PBXTargetDependency */ = {
			isa = PBXTargetDependency;
			target = 04E3C0432867750C00EA33F3 /* TraviNotez */;
			targetProxy = 04E3C05F2867750E00EA33F3 /* PBXContainerItemProxy */;
		};
/* End PBXTargetDependency section */

/* Begin XCBuildConfiguration section */
		04E3C0662867750E00EA33F3 /* Debug */ = {
			isa = XCBuildConfiguration;
			buildSettings = {
				ALWAYS_SEARCH_USER_PATHS = NO;
				CLANG_ANALYZER_NONNULL = YES;
				CLANG_ANALYZER_NUMBER_OBJECT_CONVERSION = YES_AGGRESSIVE;
				CLANG_CXX_LANGUAGE_STANDARD = "gnu++17";
				CLANG_ENABLE_MODULES = YES;
				CLANG_ENABLE_OBJC_ARC = YES;
				CLANG_ENABLE_OBJC_WEAK = YES;
				CLANG_WARN_BLOCK_CAPTURE_AUTORELEASING = YES;
				CLANG_WARN_BOOL_CONVERSION = YES;
				CLANG_WARN_COMMA = YES;
				CLANG_WARN_CONSTANT_CONVERSION = YES;
				CLANG_WARN_DEPRECATED_OBJC_IMPLEMENTATIONS = YES;
				CLANG_WARN_DIRECT_OBJC_ISA_USAGE = YES_ERROR;
				CLANG_WARN_DOCUMENTATION_COMMENTS = YES;
				CLANG_WARN_EMPTY_BODY = YES;
				CLANG_WARN_ENUM_CONVERSION = YES;
				CLANG_WARN_INFINITE_RECURSION = YES;
				CLANG_WARN_INT_CONVERSION = YES;
				CLANG_WARN_NON_LITERAL_NULL_CONVERSION = YES;
				CLANG_WARN_OBJC_IMPLICIT_RETAIN_SELF = YES;
				CLANG_WARN_OBJC_LITERAL_CONVERSION = YES;
				CLANG_WARN_OBJC_ROOT_CLASS = YES_ERROR;
				CLANG_WARN_QUOTED_INCLUDE_IN_FRAMEWORK_HEADER = YES;
				CLANG_WARN_RANGE_LOOP_ANALYSIS = YES;
				CLANG_WARN_STRICT_PROTOTYPES = YES;
				CLANG_WARN_SUSPICIOUS_MOVE = YES;
				CLANG_WARN_UNGUARDED_AVAILABILITY = YES_AGGRESSIVE;
				CLANG_WARN_UNREACHABLE_CODE = YES;
				CLANG_WARN__DUPLICATE_METHOD_MATCH = YES;
				COPY_PHASE_STRIP = NO;
				DEBUG_INFORMATION_FORMAT = dwarf;
				ENABLE_STRICT_OBJC_MSGSEND = YES;
				ENABLE_TESTABILITY = YES;
				GCC_C_LANGUAGE_STANDARD = gnu11;
				GCC_DYNAMIC_NO_PIC = NO;
				GCC_NO_COMMON_BLOCKS = YES;
				GCC_OPTIMIZATION_LEVEL = 0;
				GCC_PREPROCESSOR_DEFINITIONS = (
					"DEBUG=1",
					"$(inherited)",
				);
				GCC_WARN_64_TO_32_BIT_CONVERSION = YES;
				GCC_WARN_ABOUT_RETURN_TYPE = YES_ERROR;
				GCC_WARN_UNDECLARED_SELECTOR = YES;
				GCC_WARN_UNINITIALIZED_AUTOS = YES_AGGRESSIVE;
				GCC_WARN_UNUSED_FUNCTION = YES;
				GCC_WARN_UNUSED_VARIABLE = YES;
				IPHONEOS_DEPLOYMENT_TARGET = 15.5;
				MTL_ENABLE_DEBUG_INFO = INCLUDE_SOURCE;
				MTL_FAST_MATH = YES;
				ONLY_ACTIVE_ARCH = YES;
				SDKROOT = iphoneos;
				SWIFT_ACTIVE_COMPILATION_CONDITIONS = DEBUG;
				SWIFT_OPTIMIZATION_LEVEL = "-Onone";
			};
			name = Debug;
		};
		04E3C0672867750E00EA33F3 /* Release */ = {
			isa = XCBuildConfiguration;
			buildSettings = {
				ALWAYS_SEARCH_USER_PATHS = NO;
				CLANG_ANALYZER_NONNULL = YES;
				CLANG_ANALYZER_NUMBER_OBJECT_CONVERSION = YES_AGGRESSIVE;
				CLANG_CXX_LANGUAGE_STANDARD = "gnu++17";
				CLANG_ENABLE_MODULES = YES;
				CLANG_ENABLE_OBJC_ARC = YES;
				CLANG_ENABLE_OBJC_WEAK = YES;
				CLANG_WARN_BLOCK_CAPTURE_AUTORELEASING = YES;
				CLANG_WARN_BOOL_CONVERSION = YES;
				CLANG_WARN_COMMA = YES;
				CLANG_WARN_CONSTANT_CONVERSION = YES;
				CLANG_WARN_DEPRECATED_OBJC_IMPLEMENTATIONS = YES;
				CLANG_WARN_DIRECT_OBJC_ISA_USAGE = YES_ERROR;
				CLANG_WARN_DOCUMENTATION_COMMENTS = YES;
				CLANG_WARN_EMPTY_BODY = YES;
				CLANG_WARN_ENUM_CONVERSION = YES;
				CLANG_WARN_INFINITE_RECURSION = YES;
				CLANG_WARN_INT_CONVERSION = YES;
				CLANG_WARN_NON_LITERAL_NULL_CONVERSION = YES;
				CLANG_WARN_OBJC_IMPLICIT_RETAIN_SELF = YES;
				CLANG_WARN_OBJC_LITERAL_CONVERSION = YES;
				CLANG_WARN_OBJC_ROOT_CLASS = YES_ERROR;
				CLANG_WARN_QUOTED_INCLUDE_IN_FRAMEWORK_HEADER = YES;
				CLANG_WARN_RANGE_LOOP_ANALYSIS = YES;
				CLANG_WARN_STRICT_PROTOTYPES = YES;
				CLANG_WARN_SUSPICIOUS_MOVE = YES;
				CLANG_WARN_UNGUARDED_AVAILABILITY = YES_AGGRESSIVE;
				CLANG_WARN_UNREACHABLE_CODE = YES;
				CLANG_WARN__DUPLICATE_METHOD_MATCH = YES;
				COPY_PHASE_STRIP = NO;
				DEBUG_INFORMATION_FORMAT = "dwarf-with-dsym";
				ENABLE_NS_ASSERTIONS = NO;
				ENABLE_STRICT_OBJC_MSGSEND = YES;
				GCC_C_LANGUAGE_STANDARD = gnu11;
				GCC_NO_COMMON_BLOCKS = YES;
				GCC_WARN_64_TO_32_BIT_CONVERSION = YES;
				GCC_WARN_ABOUT_RETURN_TYPE = YES_ERROR;
				GCC_WARN_UNDECLARED_SELECTOR = YES;
				GCC_WARN_UNINITIALIZED_AUTOS = YES_AGGRESSIVE;
				GCC_WARN_UNUSED_FUNCTION = YES;
				GCC_WARN_UNUSED_VARIABLE = YES;
				IPHONEOS_DEPLOYMENT_TARGET = 15.5;
				MTL_ENABLE_DEBUG_INFO = NO;
				MTL_FAST_MATH = YES;
				SDKROOT = iphoneos;
				SWIFT_COMPILATION_MODE = wholemodule;
				SWIFT_OPTIMIZATION_LEVEL = "-O";
				VALIDATE_PRODUCT = YES;
			};
			name = Release;
		};
		04E3C0692867750E00EA33F3 /* Debug */ = {
			isa = XCBuildConfiguration;
			buildSettings = {
				ASSETCATALOG_COMPILER_APPICON_NAME = AppIcon;
				ASSETCATALOG_COMPILER_GLOBAL_ACCENT_COLOR_NAME = AccentColor;
				CODE_SIGN_STYLE = Automatic;
				CURRENT_PROJECT_VERSION = 1;
				DEVELOPMENT_ASSET_PATHS = "\"TraviNotez/Preview Content\"";
				DEVELOPMENT_TEAM = STPDSFN3G7;
				ENABLE_PREVIEWS = YES;
				GENERATE_INFOPLIST_FILE = YES;
				INFOPLIST_KEY_UIApplicationSceneManifest_Generation = YES;
				INFOPLIST_KEY_UIApplicationSupportsIndirectInputEvents = YES;
				INFOPLIST_KEY_UILaunchScreen_Generation = YES;
				INFOPLIST_KEY_UISupportedInterfaceOrientations_iPad = "UIInterfaceOrientationPortrait UIInterfaceOrientationPortraitUpsideDown UIInterfaceOrientationLandscapeLeft UIInterfaceOrientationLandscapeRight";
				INFOPLIST_KEY_UISupportedInterfaceOrientations_iPhone = "UIInterfaceOrientationPortrait UIInterfaceOrientationLandscapeLeft UIInterfaceOrientationLandscapeRight";
				LD_RUNPATH_SEARCH_PATHS = (
					"$(inherited)",
					"@executable_path/Frameworks",
				);
				MARKETING_VERSION = 1.0;
				PRODUCT_BUNDLE_IDENTIFIER = AppDevelopmentWithSwift.TraviNotez;
				PRODUCT_NAME = "$(TARGET_NAME)";
				SWIFT_EMIT_LOC_STRINGS = YES;
				SWIFT_VERSION = 5.0;
				TARGETED_DEVICE_FAMILY = "1,2";
			};
			name = Debug;
		};
		04E3C06A2867750E00EA33F3 /* Release */ = {
			isa = XCBuildConfiguration;
			buildSettings = {
				ASSETCATALOG_COMPILER_APPICON_NAME = AppIcon;
				ASSETCATALOG_COMPILER_GLOBAL_ACCENT_COLOR_NAME = AccentColor;
				CODE_SIGN_STYLE = Automatic;
				CURRENT_PROJECT_VERSION = 1;
				DEVELOPMENT_ASSET_PATHS = "\"TraviNotez/Preview Content\"";
				DEVELOPMENT_TEAM = STPDSFN3G7;
				ENABLE_PREVIEWS = YES;
				GENERATE_INFOPLIST_FILE = YES;
				INFOPLIST_KEY_UIApplicationSceneManifest_Generation = YES;
				INFOPLIST_KEY_UIApplicationSupportsIndirectInputEvents = YES;
				INFOPLIST_KEY_UILaunchScreen_Generation = YES;
				INFOPLIST_KEY_UISupportedInterfaceOrientations_iPad = "UIInterfaceOrientationPortrait UIInterfaceOrientationPortraitUpsideDown UIInterfaceOrientationLandscapeLeft UIInterfaceOrientationLandscapeRight";
				INFOPLIST_KEY_UISupportedInterfaceOrientations_iPhone = "UIInterfaceOrientationPortrait UIInterfaceOrientationLandscapeLeft UIInterfaceOrientationLandscapeRight";
				LD_RUNPATH_SEARCH_PATHS = (
					"$(inherited)",
					"@executable_path/Frameworks",
				);
				MARKETING_VERSION = 1.0;
				PRODUCT_BUNDLE_IDENTIFIER = AppDevelopmentWithSwift.TraviNotez;
				PRODUCT_NAME = "$(TARGET_NAME)";
				SWIFT_EMIT_LOC_STRINGS = YES;
				SWIFT_VERSION = 5.0;
				TARGETED_DEVICE_FAMILY = "1,2";
			};
			name = Release;
		};
		04E3C06C2867750E00EA33F3 /* Debug */ = {
			isa = XCBuildConfiguration;
			buildSettings = {
				ALWAYS_EMBED_SWIFT_STANDARD_LIBRARIES = YES;
				BUNDLE_LOADER = "$(TEST_HOST)";
				CODE_SIGN_STYLE = Automatic;
				CURRENT_PROJECT_VERSION = 1;
				DEVELOPMENT_TEAM = STPDSFN3G7;
				GENERATE_INFOPLIST_FILE = YES;
				IPHONEOS_DEPLOYMENT_TARGET = 15.5;
				MARKETING_VERSION = 1.0;
				PRODUCT_BUNDLE_IDENTIFIER = AppDevelopmentWithSwift.TraviNotezTests;
				PRODUCT_NAME = "$(TARGET_NAME)";
				SWIFT_EMIT_LOC_STRINGS = NO;
				SWIFT_VERSION = 5.0;
				TARGETED_DEVICE_FAMILY = "1,2";
				TEST_HOST = "$(BUILT_PRODUCTS_DIR)/TraviNotez.app/TraviNotez";
			};
			name = Debug;
		};
		04E3C06D2867750E00EA33F3 /* Release */ = {
			isa = XCBuildConfiguration;
			buildSettings = {
				ALWAYS_EMBED_SWIFT_STANDARD_LIBRARIES = YES;
				BUNDLE_LOADER = "$(TEST_HOST)";
				CODE_SIGN_STYLE = Automatic;
				CURRENT_PROJECT_VERSION = 1;
				DEVELOPMENT_TEAM = STPDSFN3G7;
				GENERATE_INFOPLIST_FILE = YES;
				IPHONEOS_DEPLOYMENT_TARGET = 15.5;
				MARKETING_VERSION = 1.0;
				PRODUCT_BUNDLE_IDENTIFIER = AppDevelopmentWithSwift.TraviNotezTests;
				PRODUCT_NAME = "$(TARGET_NAME)";
				SWIFT_EMIT_LOC_STRINGS = NO;
				SWIFT_VERSION = 5.0;
				TARGETED_DEVICE_FAMILY = "1,2";
				TEST_HOST = "$(BUILT_PRODUCTS_DIR)/TraviNotez.app/TraviNotez";
			};
			name = Release;
		};
		04E3C06F2867750E00EA33F3 /* Debug */ = {
			isa = XCBuildConfiguration;
			buildSettings = {
				ALWAYS_EMBED_SWIFT_STANDARD_LIBRARIES = YES;
				CODE_SIGN_STYLE = Automatic;
				CURRENT_PROJECT_VERSION = 1;
				DEVELOPMENT_TEAM = STPDSFN3G7;
				GENERATE_INFOPLIST_FILE = YES;
				MARKETING_VERSION = 1.0;
				PRODUCT_BUNDLE_IDENTIFIER = AppDevelopmentWithSwift.TraviNotezUITests;
				PRODUCT_NAME = "$(TARGET_NAME)";
				SWIFT_EMIT_LOC_STRINGS = NO;
				SWIFT_VERSION = 5.0;
				TARGETED_DEVICE_FAMILY = "1,2";
				TEST_TARGET_NAME = TraviNotez;
			};
			name = Debug;
		};
		04E3C0702867750E00EA33F3 /* Release */ = {
			isa = XCBuildConfiguration;
			buildSettings = {
				ALWAYS_EMBED_SWIFT_STANDARD_LIBRARIES = YES;
				CODE_SIGN_STYLE = Automatic;
				CURRENT_PROJECT_VERSION = 1;
				DEVELOPMENT_TEAM = STPDSFN3G7;
				GENERATE_INFOPLIST_FILE = YES;
				MARKETING_VERSION = 1.0;
				PRODUCT_BUNDLE_IDENTIFIER = AppDevelopmentWithSwift.TraviNotezUITests;
				PRODUCT_NAME = "$(TARGET_NAME)";
				SWIFT_EMIT_LOC_STRINGS = NO;
				SWIFT_VERSION = 5.0;
				TARGETED_DEVICE_FAMILY = "1,2";
				TEST_TARGET_NAME = TraviNotez;
			};
			name = Release;
		};
/* End XCBuildConfiguration section */

/* Begin XCConfigurationList section */
		04E3C03F2867750C00EA33F3 /* Build configuration list for PBXProject "TraviNotez" */ = {
			isa = XCConfigurationList;
			buildConfigurations = (
				04E3C0662867750E00EA33F3 /* Debug */,
				04E3C0672867750E00EA33F3 /* Release */,
			);
			defaultConfigurationIsVisible = 0;
			defaultConfigurationName = Release;
		};
		04E3C0682867750E00EA33F3 /* Build configuration list for PBXNativeTarget "TraviNotez" */ = {
			isa = XCConfigurationList;
			buildConfigurations = (
				04E3C0692867750E00EA33F3 /* Debug */,
				04E3C06A2867750E00EA33F3 /* Release */,
			);
			defaultConfigurationIsVisible = 0;
			defaultConfigurationName = Release;
		};
		04E3C06B2867750E00EA33F3 /* Build configuration list for PBXNativeTarget "TraviNotezTests" */ = {
			isa = XCConfigurationList;
			buildConfigurations = (
				04E3C06C2867750E00EA33F3 /* Debug */,
				04E3C06D2867750E00EA33F3 /* Release */,
			);
			defaultConfigurationIsVisible = 0;
			defaultConfigurationName = Release;
		};
		04E3C06E2867750E00EA33F3 /* Build configuration list for PBXNativeTarget "TraviNotezUITests" */ = {
			isa = XCConfigurationList;
			buildConfigurations = (
				04E3C06F2867750E00EA33F3 /* Debug */,
				04E3C0702867750E00EA33F3 /* Release */,
			);
			defaultConfigurationIsVisible = 0;
			defaultConfigurationName = Release;
		};
/* End XCConfigurationList section */
	};
	rootObject = 04E3C03C2867750C00EA33F3 /* Project object */;
}
